
Microsoft Visual Studio Solution File, Format Version 10.00
# Visual Studio 2008
Project("{8BC9CEB8-8B4A-11D0-8D11-00A0C91BC942}") = "vc9_labat_polygon", "vc9_labat_polygon.vcproj", "{BF42574F-66E2-42DD-90D9-3A8FCE6F472C}"
EndProject
Global
	GlobalSection(SolutionConfigurationPlatforms) = preSolution
		Debug|Win32 = Debug|Win32
		Release|Win32 = Release|Win32
	EndGlobalSection
	GlobalSection(ProjectConfigurationPlatforms) = postSolution
		{BF42574F-66E2-42DD-90D9-3A8FCE6F472C}.Debug|Win32.ActiveCfg = Debug|Win32
		{BF42574F-66E2-42DD-90D9-3A8FCE6F472C}.Debug|Win32.Build.0 = Debug|Win32
		{BF42574F-66E2-42DD-90D9-3A8FCE6F472C}.Release|Win32.ActiveCfg = Release|Win32
		{BF42574F-66E2-42DD-90D9-3A8FCE6F472C}.Release|Win32.Build.0 = Release|Win32
	EndGlobalSection
	GlobalSection(SolutionProperties) = preSolution
		HideSolutionNode = FALSE
	EndGlobalSection
EndGlobal
